// !$*UTF8*$!
{
	archiveVersion = 1;
	classes = {
	};
	objectVersion = 50;
	objects = {

/* Begin PBXBuildFile section */
		6116C7FE23F521650034D6F3 /* HomeViewController.m in Sources */ = {isa = PBXBuildFile; fileRef = 6116C7FD23F521650034D6F3 /* HomeViewController.m */; };
		61421E3F23F3910A0008102D /* AppDelegate.m in Sources */ = {isa = PBXBuildFile; fileRef = 61421E3E23F3910A0008102D /* AppDelegate.m */; };
		61421E4223F3910A0008102D /* ViewController.m in Sources */ = {isa = PBXBuildFile; fileRef = 61421E4123F3910A0008102D /* ViewController.m */; };
		61421E4523F3910A0008102D /* Main.storyboard in Resources */ = {isa = PBXBuildFile; fileRef = 61421E4323F3910A0008102D /* Main.storyboard */; };
		61421E4723F3910B0008102D /* Assets.xcassets in Resources */ = {isa = PBXBuildFile; fileRef = 61421E4623F3910B0008102D /* Assets.xcassets */; };
		61421E4A23F3910B0008102D /* LaunchScreen.storyboard in Resources */ = {isa = PBXBuildFile; fileRef = 61421E4823F3910B0008102D /* LaunchScreen.storyboard */; };
		61421E4D23F3910B0008102D /* main.m in Sources */ = {isa = PBXBuildFile; fileRef = 61421E4C23F3910B0008102D /* main.m */; };
		6177CBD223F4357000FD446F /* NSArray+Ex.m in Sources */ = {isa = PBXBuildFile; fileRef = 6177CBD123F4357000FD446F /* NSArray+Ex.m */; };
		6177CBD523F4375700FD446F /* NSDictionary+Ex.m in Sources */ = {isa = PBXBuildFile; fileRef = 6177CBD423F4375700FD446F /* NSDictionary+Ex.m */; };
		6177CBD823F43A4300FD446F /* CCPerson.m in Sources */ = {isa = PBXBuildFile; fileRef = 6177CBD723F43A4300FD446F /* CCPerson.m */; };
/* End PBXBuildFile section */

/* Begin PBXFileReference section */
		6116C7FC23F521650034D6F3 /* HomeViewController.h */ = {isa = PBXFileReference; lastKnownFileType = sourcecode.c.h; path = HomeViewController.h; sourceTree = "<group>"; };
		6116C7FD23F521650034D6F3 /* HomeViewController.m */ = {isa = PBXFileReference; lastKnownFileType = sourcecode.c.objc; path = HomeViewController.m; sourceTree = "<group>"; };
		61421E3A23F3910A0008102D /* NetWorkingDemo.app */ = {isa = PBXFileReference; explicitFileType = wrapper.application; includeInIndex = 0; path = NetWorkingDemo.app; sourceTree = BUILT_PRODUCTS_DIR; };
		61421E3D23F3910A0008102D /* AppDelegate.h */ = {isa = PBXFileReference; lastKnownFileType = sourcecode.c.h; path = AppDelegate.h; sourceTree = "<group>"; };
		61421E3E23F3910A0008102D /* AppDelegate.m */ = {isa = PBXFileReference; lastKnownFileType = sourcecode.c.objc; path = AppDelegate.m; sourceTree = "<group>"; };
		61421E4023F3910A0008102D /* ViewController.h */ = {isa = PBXFileReference; lastKnownFileType = sourcecode.c.h; path = ViewController.h; sourceTree = "<group>"; };
		61421E4123F3910A0008102D /* ViewController.m */ = {isa = PBXFileReference; lastKnownFileType = sourcecode.c.objc; path = ViewController.m; sourceTree = "<group>"; };
		61421E4423F3910A0008102D /* Base */ = {isa = PBXFileReference; lastKnownFileType = file.storyboard; name = Base; path = Base.lproj/Main.storyboard; sourceTree = "<group>"; };
		61421E4623F3910B0008102D /* Assets.xcassets */ = {isa = PBXFileReference; lastKnownFileType = folder.assetcatalog; path = Assets.xcassets; sourceTree = "<group>"; };
		61421E4923F3910B0008102D /* Base */ = {isa = PBXFileReference; lastKnownFileType = file.storyboard; name = Base; path = Base.lproj/LaunchScreen.storyboard; sourceTree = "<group>"; };
		61421E4B23F3910B0008102D /* Info.plist */ = {isa = PBXFileReference; lastKnownFileType = text.plist.xml; path = Info.plist; sourceTree = "<group>"; };
		61421E4C23F3910B0008102D /* main.m */ = {isa = PBXFileReference; lastKnownFileType = sourcecode.c.objc; path = main.m; sourceTree = "<group>"; };
		6177CBD023F4357000FD446F /* NSArray+Ex.h */ = {isa = PBXFileReference; lastKnownFileType = sourcecode.c.h; path = "NSArray+Ex.h"; sourceTree = "<group>"; };
		6177CBD123F4357000FD446F /* NSArray+Ex.m */ = {isa = PBXFileReference; lastKnownFileType = sourcecode.c.objc; path = "NSArray+Ex.m"; sourceTree = "<group>"; };
		6177CBD323F4375700FD446F /* NSDictionary+Ex.h */ = {isa = PBXFileReference; lastKnownFileType = sourcecode.c.h; path = "NSDictionary+Ex.h"; sourceTree = "<group>"; };
		6177CBD423F4375700FD446F /* NSDictionary+Ex.m */ = {isa = PBXFileReference; lastKnownFileType = sourcecode.c.objc; path = "NSDictionary+Ex.m"; sourceTree = "<group>"; };
		6177CBD623F43A4300FD446F /* CCPerson.h */ = {isa = PBXFileReference; lastKnownFileType = sourcecode.c.h; path = CCPerson.h; sourceTree = "<group>"; };
		6177CBD723F43A4300FD446F /* CCPerson.m */ = {isa = PBXFileReference; lastKnownFileType = sourcecode.c.objc; path = CCPerson.m; sourceTree = "<group>"; };
/* End PBXFileReference section */

/* Begin PBXFrameworksBuildPhase section */
		61421E3723F3910A0008102D /* Frameworks */ = {
			isa = PBXFrameworksBuildPhase;
			buildActionMask = 2147483647;
			files = (
			);
			runOnlyForDeploymentPostprocessing = 0;
		};
/* End PBXFrameworksBuildPhase section */

/* Begin PBXGroup section */
		61421E3123F3910A0008102D = {
			isa = PBXGroup;
			children = (
				61421E3C23F3910A0008102D /* NetWorkingDemo */,
				61421E3B23F3910A0008102D /* Products */,
			);
			sourceTree = "<group>";
		};
		61421E3B23F3910A0008102D /* Products */ = {
			isa = PBXGroup;
			children = (
				61421E3A23F3910A0008102D /* NetWorkingDemo.app */,
			);
			name = Products;
			sourceTree = "<group>";
		};
		61421E3C23F3910A0008102D /* NetWorkingDemo */ = {
			isa = PBXGroup;
			children = (
				61421E3D23F3910A0008102D /* AppDelegate.h */,
				61421E3E23F3910A0008102D /* AppDelegate.m */,
				61421E4023F3910A0008102D /* ViewController.h */,
				61421E4123F3910A0008102D /* ViewController.m */,
				61421E4323F3910A0008102D /* Main.storyboard */,
				61421E4623F3910B0008102D /* Assets.xcassets */,
				61421E4823F3910B0008102D /* LaunchScreen.storyboard */,
				61421E4B23F3910B0008102D /* Info.plist */,
				61421E4C23F3910B0008102D /* main.m */,
				6177CBD023F4357000FD446F /* NSArray+Ex.h */,
				6177CBD123F4357000FD446F /* NSArray+Ex.m */,
				6177CBD323F4375700FD446F /* NSDictionary+Ex.h */,
				6177CBD423F4375700FD446F /* NSDictionary+Ex.m */,
				6177CBD623F43A4300FD446F /* CCPerson.h */,
				6177CBD723F43A4300FD446F /* CCPerson.m */,
				6116C7FC23F521650034D6F3 /* HomeViewController.h */,
				6116C7FD23F521650034D6F3 /* HomeViewController.m */,
			);
			path = NetWorkingDemo;
			sourceTree = "<group>";
		};
/* End PBXGroup section */

/* Begin PBXNativeTarget section */
		61421E3923F3910A0008102D /* NetWorkingDemo */ = {
			isa = PBXNativeTarget;
			buildConfigurationList = 61421E5023F3910B0008102D /* Build configuration list for PBXNativeTarget "NetWorkingDemo" */;
			buildPhases = (
				61421E3623F3910A0008102D /* Sources */,
				61421E3723F3910A0008102D /* Frameworks */,
				61421E3823F3910A0008102D /* Resources */,
			);
			buildRules = (
			);
			dependencies = (
			);
			name = NetWorkingDemo;
			productName = NetWorkingDemo;
			productReference = 61421E3A23F3910A0008102D /* NetWorkingDemo.app */;
			productType = "com.apple.product-type.application";
		};
/* End PBXNativeTarget section */

/* Begin PBXProject section */
		61421E3223F3910A0008102D /* Project object */ = {
			isa = PBXProject;
			attributes = {
				LastUpgradeCheck = 1010;
				ORGANIZATIONNAME = xiuxiu;
				TargetAttributes = {
					61421E3923F3910A0008102D = {
						CreatedOnToolsVersion = 10.1;
					};
				};
			};
			buildConfigurationList = 61421E3523F3910A0008102D /* Build configuration list for PBXProject "NetWorkingDemo" */;
			compatibilityVersion = "Xcode 9.3";
			developmentRegion = en;
			hasScannedForEncodings = 0;
			knownRegions = (
				en,
				Base,
			);
			mainGroup = 61421E3123F3910A0008102D;
			productRefGroup = 61421E3B23F3910A0008102D /* Products */;
			projectDirPath = "";
			projectRoot = "";
			targets = (
				61421E3923F3910A0008102D /* NetWorkingDemo */,
			);
		};
/* End PBXProject section */

/* Begin PBXResourcesBuildPhase section */
		61421E3823F3910A0008102D /* Resources */ = {
			isa = PBXResourcesBuildPhase;
			buildActionMask = 2147483647;
			files = (
				61421E4A23F3910B0008102D /* LaunchScreen.storyboard in Resources */,
				61421E4723F3910B0008102D /* Assets.xcassets in Resources */,
				61421E4523F3910A0008102D /* Main.storyboard in Resources */,
			);
			runOnlyForDeploymentPostprocessing = 0;
		};
/* End PBXResourcesBuildPhase section */

/* Begin PBXSourcesBuildPhase section */
		61421E3623F3910A0008102D /* Sources */ = {
			isa = PBXSourcesBuildPhase;
			buildActionMask = 2147483647;
			files = (
				61421E4223F3910A0008102D /* ViewController.m in Sources */,
				6177CBD523F4375700FD446F /* NSDictionary+Ex.m in Sources */,
				6177CBD823F43A4300FD446F /* CCPerson.m in Sources */,
				61421E4D23F3910B0008102D /* main.m in Sources */,
				61421E3F23F3910A0008102D /* AppDelegate.m in Sources */,
				6116C7FE23F521650034D6F3 /* HomeViewController.m in Sources */,
				6177CBD223F4357000FD446F /* NSArray+Ex.m in Sources */,
			);
			runOnlyForDeploymentPostprocessing = 0;
		};
/* End PBXSourcesBuildPhase section */

/* Begin PBXVariantGroup section */
		61421E4323F3910A0008102D /* Main.storyboard */ = {
			isa = PBXVariantGroup;
			children = (
				61421E4423F3910A0008102D /* Base */,
			);
			name = Main.storyboard;
			sourceTree = "<group>";
		};
		61421E4823F3910B0008102D /* LaunchScreen.storyboard */ = {
			isa = PBXVariantGroup;
			children = (
				61421E4923F3910B0008102D /* Base */,
			);
			name = LaunchScreen.storyboard;
			sourceTree = "<group>";
		};
/* End PBXVariantGroup section */

/* Begin XCBuildConfiguration section */
		61421E4E23F3910B0008102D /* Debug */ = {
			isa = XCBuildConfiguration;
			buildSettings = {
				ALWAYS_SEARCH_USER_PATHS = NO;
				CLANG_ANALYZER_NONNULL = YES;
				CLANG_ANALYZER_NUMBER_OBJECT_CONVERSION = YES_AGGRESSIVE;
				CLANG_CXX_LANGUAGE_STANDARD = "gnu++14";
				CLANG_CXX_LIBRARY = "libc++";
				CLANG_ENABLE_MODULES = YES;
				CLANG_ENABLE_OBJC_ARC = YES;
				CLANG_ENABLE_OBJC_WEAK = YES;
				CLANG_WARN_BLOCK_CAPTURE_AUTORELEASING = YES;
				CLANG_WARN_BOOL_CONVERSION = YES;
				CLANG_WARN_COMMA = YES;
				CLANG_WARN_CONSTANT_CONVERSION = YES;
				CLANG_WARN_DEPRECATED_OBJC_IMPLEMENTATIONS = YES;
				CLANG_WARN_DIRECT_OBJC_ISA_USAGE = YES_ERROR;
				CLANG_WARN_DOCUMENTATION_COMMENTS = YES;
				CLANG_WARN_EMPTY_BODY = YES;
				CLANG_WARN_ENUM_CONVERSION = YES;
				CLANG_WARN_INFINITE_RECURSION = YES;
				CLANG_WARN_INT_CONVERSION = YES;
				CLANG_WARN_NON_LITERAL_NULL_CONVERSION = YES;
				CLANG_WARN_OBJC_IMPLICIT_RETAIN_SELF = YES;
				CLANG_WARN_OBJC_LITERAL_CONVERSION = YES;
				CLANG_WARN_OBJC_ROOT_CLASS = YES_ERROR;
				CLANG_WARN_RANGE_LOOP_ANALYSIS = YES;
				CLANG_WARN_STRICT_PROTOTYPES = YES;
				CLANG_WARN_SUSPICIOUS_MOVE = YES;
				CLANG_WARN_UNGUARDED_AVAILABILITY = YES_AGGRESSIVE;
				CLANG_WARN_UNREACHABLE_CODE = YES;
				CLANG_WARN__DUPLICATE_METHOD_MATCH = YES;
				CODE_SIGN_IDENTITY = "iPhone Developer";
				COPY_PHASE_STRIP = NO;
				DEBUG_INFORMATION_FORMAT = dwarf;
				ENABLE_STRICT_OBJC_MSGSEND = YES;
				ENABLE_TESTABILITY = YES;
				GCC_C_LANGUAGE_STANDARD = gnu11;
				GCC_DYNAMIC_NO_PIC = NO;
				GCC_NO_COMMON_BLOCKS = YES;
				GCC_OPTIMIZATION_LEVEL = 0;
				GCC_PREPROCESSOR_DEFINITIONS = (
					"DEBUG=1",
					"$(inherited)",
				);
				GCC_WARN_64_TO_32_BIT_CONVERSION = YES;
				GCC_WARN_ABOUT_RETURN_TYPE = YES_ERROR;
				GCC_WARN_UNDECLARED_SELECTOR = YES;
				GCC_WARN_UNINITIALIZED_AUTOS = YES_AGGRESSIVE;
				GCC_WARN_UNUSED_FUNCTION = YES;
				GCC_WARN_UNUSED_VARIABLE = YES;
				IPHONEOS_DEPLOYMENT_TARGET = 12.1;
				MTL_ENABLE_DEBUG_INFO = INCLUDE_SOURCE;
				MTL_FAST_MATH = YES;
				ONLY_ACTIVE_ARCH = YES;
				SDKROOT = iphoneos;
			};
			name = Debug;
		};
		61421E4F23F3910B0008102D /* Release */ = {
			isa = XCBuildConfiguration;
			buildSettings = {
				ALWAYS_SEARCH_USER_PATHS = NO;
				CLANG_ANALYZER_NONNULL = YES;
				CLANG_ANALYZER_NUMBER_OBJECT_CONVERSION = YES_AGGRESSIVE;
				CLANG_CXX_LANGUAGE_STANDARD = "gnu++14";
				CLANG_CXX_LIBRARY = "libc++";
				CLANG_ENABLE_MODULES = YES;
				CLANG_ENABLE_OBJC_ARC = YES;
				CLANG_ENABLE_OBJC_WEAK = YES;
				CLANG_WARN_BLOCK_CAPTURE_AUTORELEASING = YES;
				CLANG_WARN_BOOL_CONVERSION = YES;
				CLANG_WARN_COMMA = YES;
				CLANG_WARN_CONSTANT_CONVERSION = YES;
				CLANG_WARN_DEPRECATED_OBJC_IMPLEMENTATIONS = YES;
				CLANG_WARN_DIRECT_OBJC_ISA_USAGE = YES_ERROR;
				CLANG_WARN_DOCUMENTATION_COMMENTS = YES;
				CLANG_WARN_EMPTY_BODY = YES;
				CLANG_WARN_ENUM_CONVERSION = YES;
				CLANG_WARN_INFINITE_RECURSION = YES;
				CLANG_WARN_INT_CONVERSION = YES;
				CLANG_WARN_NON_LITERAL_NULL_CONVERSION = YES;
				CLANG_WARN_OBJC_IMPLICIT_RETAIN_SELF = YES;
				CLANG_WARN_OBJC_LITERAL_CONVERSION = YES;
				CLANG_WARN_OBJC_ROOT_CLASS = YES_ERROR;
				CLANG_WARN_RANGE_LOOP_ANALYSIS = YES;
				CLANG_WARN_STRICT_PROTOTYPES = YES;
				CLANG_WARN_SUSPICIOUS_MOVE = YES;
				CLANG_WARN_UNGUARDED_AVAILABILITY = YES_AGGRESSIVE;
				CLANG_WARN_UNREACHABLE_CODE = YES;
				CLANG_WARN__DUPLICATE_METHOD_MATCH = YES;
				CODE_SIGN_IDENTITY = "iPhone Developer";
				COPY_PHASE_STRIP = NO;
				DEBUG_INFORMATION_FORMAT = "dwarf-with-dsym";
				ENABLE_NS_ASSERTIONS = NO;
				ENABLE_STRICT_OBJC_MSGSEND = YES;
				GCC_C_LANGUAGE_STANDARD = gnu11;
				GCC_NO_COMMON_BLOCKS = YES;
				GCC_WARN_64_TO_32_BIT_CONVERSION = YES;
				GCC_WARN_ABOUT_RETURN_TYPE = YES_ERROR;
				GCC_WARN_UNDECLARED_SELECTOR = YES;
				GCC_WARN_UNINITIALIZED_AUTOS = YES_AGGRESSIVE;
				GCC_WARN_UNUSED_FUNCTION = YES;
				GCC_WARN_UNUSED_VARIABLE = YES;
				IPHONEOS_DEPLOYMENT_TARGET = 12.1;
				MTL_ENABLE_DEBUG_INFO = NO;
				MTL_FAST_MATH = YES;
				SDKROOT = iphoneos;
				VALIDATE_PRODUCT = YES;
			};
			name = Release;
		};
		61421E5123F3910B0008102D /* Debug */ = {
			isa = XCBuildConfiguration;
			buildSettings = {
				ASSETCATALOG_COMPILER_APPICON_NAME = AppIcon;
				CODE_SIGN_STYLE = Automatic;
				DEVELOPMENT_TEAM = WS29B42Z6S;
				INFOPLIST_FILE = NetWorkingDemo/Info.plist;
				LD_RUNPATH_SEARCH_PATHS = (
					"$(inherited)",
					"@executable_path/Frameworks",
				);
				PRODUCT_BUNDLE_IDENTIFIER = com.XiuXiu.NetWorkingDemo;
				PRODUCT_NAME = "$(TARGET_NAME)";
				TARGETED_DEVICE_FAMILY = "1,2";
			};
			name = Debug;
		};
		61421E5223F3910B0008102D /* Release */ = {
			isa = XCBuildConfiguration;
			buildSettings = {
				ASSETCATALOG_COMPILER_APPICON_NAME = AppIcon;
				CODE_SIGN_STYLE = Automatic;
				DEVELOPMENT_TEAM = WS29B42Z6S;
				INFOPLIST_FILE = NetWorkingDemo/Info.plist;
				LD_RUNPATH_SEARCH_PATHS = (
					"$(inherited)",
					"@executable_path/Frameworks",
				);
				PRODUCT_BUNDLE_IDENTIFIER = com.XiuXiu.NetWorkingDemo;
				PRODUCT_NAME = "$(TARGET_NAME)";
				TARGETED_DEVICE_FAMILY = "1,2";
			};
			name = Release;
		};
/* End XCBuildConfiguration section */

/* Begin XCConfigurationList section */
		61421E3523F3910A0008102D /* Build configuration list for PBXProject "NetWorkingDemo" */ = {
			isa = XCConfigurationList;
			buildConfigurations = (
				61421E4E23F3910B0008102D /* Debug */,
				61421E4F23F3910B0008102D /* Release */,
			);
			defaultConfigurationIsVisible = 0;
			defaultConfigurationName = Release;
		};
		61421E5023F3910B0008102D /* Build configuration list for PBXNativeTarget "NetWorkingDemo" */ = {
			isa = XCConfigurationList;
			buildConfigurations = (
				61421E5123F3910B0008102D /* Debug */,
				61421E5223F3910B0008102D /* Release */,
			);
			defaultConfigurationIsVisible = 0;
			defaultConfigurationName = Release;
		};
/* End XCConfigurationList section */
	};
	rootObject = 61421E3223F3910A0008102D /* Project object */;
}
